
Microsoft Visual Studio Solution File, Format Version 12.00
# Visual Studio 15
VisualStudioVersion = 15.0.28010.2016
MinimumVisualStudioVersion = 10.0.40219.1
Project("{2150E333-8FDC-42A3-9474-1A3956D46DE8}") = "src", "src", "{34E3CB48-A0AE-4C9A-94ED-47F1CDA3B3B5}"
EndProject
Project("{9A19103F-16F7-4668-BE54-9A1E7A4F7556}") = "Monona.Web", "src\Monona.Web\Monona.Web.csproj", "{1C24389C-764D-4648-82A4-0D5D3A67883C}"
EndProject
Project("{9A19103F-16F7-4668-BE54-9A1E7A4F7556}") = "Monona.Core", "src\Monona.Core\Monona.Core.csproj", "{F4B4E6AC-F67E-47B5-94B9-743D22BF9D5B}"
EndProject
Project("{9A19103F-16F7-4668-BE54-9A1E7A4F7556}") = "Monona.Data", "src\Monona.Data\Monona.Data.csproj", "{2BC0920C-9E41-4A20-A0C5-51FC40532BEC}"
EndProject
Project("{9A19103F-16F7-4668-BE54-9A1E7A4F7556}") = "Monona.Services", "src\Monona.Services\Monona.Services.csproj", "{2E46D7F8-F612-4D1F-AFCD-716B50E2B06A}"
EndProject
Project("{2150E333-8FDC-42A3-9474-1A3956D46DE8}") = "docs", "docs", "{607E8CAB-9321-4DC4-8AFF-BAF8519DA3A7}"
	ProjectSection(SolutionItems) = preProject
		README.md = README.md
	EndProjectSection
EndProject
Global
	GlobalSection(SolutionConfigurationPlatforms) = preSolution
		Debug|Any CPU = Debug|Any CPU
		Release|Any CPU = Release|Any CPU
	EndGlobalSection
	GlobalSection(ProjectConfigurationPlatforms) = postSolution
		{1C24389C-764D-4648-82A4-0D5D3A67883C}.Debug|Any CPU.ActiveCfg = Debug|Any CPU
		{1C24389C-764D-4648-82A4-0D5D3A67883C}.Debug|Any CPU.Build.0 = Debug|Any CPU
		{1C24389C-764D-4648-82A4-0D5D3A67883C}.Release|Any CPU.ActiveCfg = Release|Any CPU
		{1C24389C-764D-4648-82A4-0D5D3A67883C}.Release|Any CPU.Build.0 = Release|Any CPU
		{F4B4E6AC-F67E-47B5-94B9-743D22BF9D5B}.Debug|Any CPU.ActiveCfg = Debug|Any CPU
		{F4B4E6AC-F67E-47B5-94B9-743D22BF9D5B}.Debug|Any CPU.Build.0 = Debug|Any CPU
		{F4B4E6AC-F67E-47B5-94B9-743D22BF9D5B}.Release|Any CPU.ActiveCfg = Release|Any CPU
		{F4B4E6AC-F67E-47B5-94B9-743D22BF9D5B}.Release|Any CPU.Build.0 = Release|Any CPU
		{2BC0920C-9E41-4A20-A0C5-51FC40532BEC}.Debug|Any CPU.ActiveCfg = Debug|Any CPU
		{2BC0920C-9E41-4A20-A0C5-51FC40532BEC}.Debug|Any CPU.Build.0 = Debug|Any CPU
		{2BC0920C-9E41-4A20-A0C5-51FC40532BEC}.Release|Any CPU.ActiveCfg = Release|Any CPU
		{2BC0920C-9E41-4A20-A0C5-51FC40532BEC}.Release|Any CPU.Build.0 = Release|Any CPU
		{2E46D7F8-F612-4D1F-AFCD-716B50E2B06A}.Debug|Any CPU.ActiveCfg = Debug|Any CPU
		{2E46D7F8-F612-4D1F-AFCD-716B50E2B06A}.Debug|Any CPU.Build.0 = Debug|Any CPU
		{2E46D7F8-F612-4D1F-AFCD-716B50E2B06A}.Release|Any CPU.ActiveCfg = Release|Any CPU
		{2E46D7F8-F612-4D1F-AFCD-716B50E2B06A}.Release|Any CPU.Build.0 = Release|Any CPU
	EndGlobalSection
	GlobalSection(SolutionProperties) = preSolution
		HideSolutionNode = FALSE
	EndGlobalSection
	GlobalSection(NestedProjects) = preSolution
		{1C24389C-764D-4648-82A4-0D5D3A67883C} = {34E3CB48-A0AE-4C9A-94ED-47F1CDA3B3B5}
		{F4B4E6AC-F67E-47B5-94B9-743D22BF9D5B} = {34E3CB48-A0AE-4C9A-94ED-47F1CDA3B3B5}
		{2BC0920C-9E41-4A20-A0C5-51FC40532BEC} = {34E3CB48-A0AE-4C9A-94ED-47F1CDA3B3B5}
		{2E46D7F8-F612-4D1F-AFCD-716B50E2B06A} = {34E3CB48-A0AE-4C9A-94ED-47F1CDA3B3B5}
	EndGlobalSection
	GlobalSection(ExtensibilityGlobals) = postSolution
		SolutionGuid = {1310B983-CB5A-4B79-92B5-6F84A293C0EC}
	EndGlobalSection
EndGlobal
